
Microsoft Visual Studio Solution File, Format Version 12.00
# Visual Studio Version 17
VisualStudioVersion = 17.3.32929.385
MinimumVisualStudioVersion = 10.0.40219.1
Project("{FAE04EC0-301F-11D3-BF4B-00C04F79EFBC}") = "WebCrudMvcSql", "WebCrudMvcSql.csproj", "{F17273B0-80E7-486D-8159-5D438D010217}"
EndProject
Global
	GlobalSection(SolutionConfigurationPlatforms) = preSolution
		Debug|Any CPU = Debug|Any CPU
		Release|Any CPU = Release|Any CPU
	EndGlobalSection
	GlobalSection(ProjectConfigurationPlatforms) = postSolution
		{F17273B0-80E7-486D-8159-5D438D010217}.Debug|Any CPU.ActiveCfg = Debug|Any CPU
		{F17273B0-80E7-486D-8159-5D438D010217}.Debug|Any CPU.Build.0 = Debug|Any CPU
		{F17273B0-80E7-486D-8159-5D438D010217}.Release|Any CPU.ActiveCfg = Release|Any CPU
		{F17273B0-80E7-486D-8159-5D438D010217}.Release|Any CPU.Build.0 = Release|Any CPU
	EndGlobalSection
	GlobalSection(SolutionProperties) = preSolution
		HideSolutionNode = FALSE
	EndGlobalSection
	GlobalSection(ExtensibilityGlobals) = postSolution
		SolutionGuid = {C79110AF-F863-42F8-85D8-1C8E816D18C7}
	EndGlobalSection
EndGlobal
